
Microsoft Visual Studio Solution File, Format Version 12.00
# Visual Studio Version 17
VisualStudioVersion = 17.11.35312.102
MinimumVisualStudioVersion = 10.0.40219.1
Project("{8BC9CEB8-8B4A-11D0-8D11-00A0C91BC942}") = "Project2444", "Project2444.vcxproj", "{C6410601-2A23-47FA-AB12-2BF4BAAF4A1A}"
EndProject
Global
	GlobalSection(SolutionConfigurationPlatforms) = preSolution
		Debug|x64 = Debug|x64
		Debug|x86 = Debug|x86
		Release|x64 = Release|x64
		Release|x86 = Release|x86
	EndGlobalSection
	GlobalSection(ProjectConfigurationPlatforms) = postSolution
		{C6410601-2A23-47FA-AB12-2BF4BAAF4A1A}.Debug|x64.ActiveCfg = Debug|x64
		{C6410601-2A23-47FA-AB12-2BF4BAAF4A1A}.Debug|x64.Build.0 = Debug|x64
		{C6410601-2A23-47FA-AB12-2BF4BAAF4A1A}.Debug|x86.ActiveCfg = Debug|Win32
		{C6410601-2A23-47FA-AB12-2BF4BAAF4A1A}.Debug|x86.Build.0 = Debug|Win32
		{C6410601-2A23-47FA-AB12-2BF4BAAF4A1A}.Release|x64.ActiveCfg = Release|x64
		{C6410601-2A23-47FA-AB12-2BF4BAAF4A1A}.Release|x64.Build.0 = Release|x64
		{C6410601-2A23-47FA-AB12-2BF4BAAF4A1A}.Release|x86.ActiveCfg = Release|Win32
		{C6410601-2A23-47FA-AB12-2BF4BAAF4A1A}.Release|x86.Build.0 = Release|Win32
	EndGlobalSection
	GlobalSection(SolutionProperties) = preSolution
		HideSolutionNode = FALSE
	EndGlobalSection
	GlobalSection(ExtensibilityGlobals) = postSolution
		SolutionGuid = {CE93FA6F-9019-4679-81EB-7EB494C5CD95}
	EndGlobalSection
EndGlobal
