
Microsoft Visual Studio Solution File, Format Version 12.00
# Visual Studio Version 17
VisualStudioVersion = 17.11.35312.102
MinimumVisualStudioVersion = 10.0.40219.1
Project("{8BC9CEB8-8B4A-11D0-8D11-00A0C91BC942}") = "Project2869", "Project2869.vcxproj", "{ECF3346D-8371-4066-AB49-2EC9DB1521C2}"
EndProject
Global
	GlobalSection(SolutionConfigurationPlatforms) = preSolution
		Debug|x64 = Debug|x64
		Debug|x86 = Debug|x86
		Release|x64 = Release|x64
		Release|x86 = Release|x86
	EndGlobalSection
	GlobalSection(ProjectConfigurationPlatforms) = postSolution
		{ECF3346D-8371-4066-AB49-2EC9DB1521C2}.Debug|x64.ActiveCfg = Debug|x64
		{ECF3346D-8371-4066-AB49-2EC9DB1521C2}.Debug|x64.Build.0 = Debug|x64
		{ECF3346D-8371-4066-AB49-2EC9DB1521C2}.Debug|x86.ActiveCfg = Debug|Win32
		{ECF3346D-8371-4066-AB49-2EC9DB1521C2}.Debug|x86.Build.0 = Debug|Win32
		{ECF3346D-8371-4066-AB49-2EC9DB1521C2}.Release|x64.ActiveCfg = Release|x64
		{ECF3346D-8371-4066-AB49-2EC9DB1521C2}.Release|x64.Build.0 = Release|x64
		{ECF3346D-8371-4066-AB49-2EC9DB1521C2}.Release|x86.ActiveCfg = Release|Win32
		{ECF3346D-8371-4066-AB49-2EC9DB1521C2}.Release|x86.Build.0 = Release|Win32
	EndGlobalSection
	GlobalSection(SolutionProperties) = preSolution
		HideSolutionNode = FALSE
	EndGlobalSection
	GlobalSection(ExtensibilityGlobals) = postSolution
		SolutionGuid = {351738B8-68E8-4918-9126-CE5AF261790E}
	EndGlobalSection
EndGlobal
